{
  "name": "DynamicRooftingWebSite",
  "lockfileVersion": 3,
  "requires": true,
  "packages": {
    "": {
      "dependencies": {
        "light-switch-bootstrap": "^0.1.5"
      }
    },
    "node_modules/light-switch-bootstrap": {
      "version": "0.1.5",
      "resolved": "https://registry.npmjs.org/light-switch-bootstrap/-/light-switch-bootstrap-0.1.5.tgz",
      "integrity": "sha512-xHe/Z4R2oT//K5QwqthJizy6E5lKOpLrJ1OkermIQ/9Xai16zhEYn903uUG0buGtqMgVcayv1x96pboP1JUIQg=="
    }
  }
}
